
Microsoft Visual Studio Solution File, Format Version 12.00
# Visual Studio Version 17
VisualStudioVersion = 17.14.36310.24
MinimumVisualStudioVersion = 10.0.40219.1
Project("{2150E333-8FDC-42A3-9474-1A3956D46DE8}") = "sln", "sln", "{02EA681E-C7D8-13C7-8484-4AC65E1B71E8}"
	ProjectSection(SolutionItems) = preProject
		LICENSE.md = LICENSE.md
		README.md = README.md
	EndProjectSection
EndProject
Project("{2150E333-8FDC-42A3-9474-1A3956D46DE8}") = "src", "src", "{F4DFBE87-72EB-4515-99A4-67D767D05F44}"
EndProject
Project("{2150E333-8FDC-42A3-9474-1A3956D46DE8}") = "dim_e", "dim_e", "{2CD0234D-ECE6-44CC-B22C-55358E72BA60}"
EndProject
Project("{FAE04EC0-301F-11D3-BF4B-00C04F79EFBC}") = "Urm.DimE", "src\dim_e\Urm.DimE\Urm.DimE.csproj", "{7E361542-CAE1-D54E-6AC3-4ED17FC2B182}"
EndProject
Project("{2150E333-8FDC-42A3-9474-1A3956D46DE8}") = "bec", "bec", "{50834ACD-2C91-45A8-8F5E-3A62B3A966D7}"
EndProject
Project("{2150E333-8FDC-42A3-9474-1A3956D46DE8}") = "core", "core", "{F758DCA3-2B18-42E7-AE11-19E6519DB62A}"
EndProject
Project("{FAE04EC0-301F-11D3-BF4B-00C04F79EFBC}") = "Urm.Core", "src\core\Urm.Core\Urm.Core.csproj", "{AFC1DAAA-9586-4B62-B220-E535AF1A6924}"
EndProject
Project("{FAE04EC0-301F-11D3-BF4B-00C04F79EFBC}") = "Urm.DimE.Console", "src\dim_e\Urm.DimE.Console\Urm.DimE.Console.csproj", "{7FE5914C-D812-478E-BE5D-A9E2AC553FE9}"
EndProject
Project("{FAE04EC0-301F-11D3-BF4B-00C04F79EFBC}") = "Urm.Bec.Core", "src\bec\Urm.Bec.Core\Urm.Bec.Core.csproj", "{C173E44D-4DBF-4EF5-9028-D6C06E83D654}"
EndProject
Project("{FAE04EC0-301F-11D3-BF4B-00C04F79EFBC}") = "Urm.Bec.Web", "src\bec\Urm.Bec.Web\Urm.Bec.Web.csproj", "{2EB9110B-3585-4B97-8A8D-2867BD74C514}"
EndProject
Global
	GlobalSection(SolutionConfigurationPlatforms) = preSolution
		Debug|Any CPU = Debug|Any CPU
		Release|Any CPU = Release|Any CPU
	EndGlobalSection
	GlobalSection(ProjectConfigurationPlatforms) = postSolution
		{7E361542-CAE1-D54E-6AC3-4ED17FC2B182}.Debug|Any CPU.ActiveCfg = Debug|Any CPU
		{7E361542-CAE1-D54E-6AC3-4ED17FC2B182}.Debug|Any CPU.Build.0 = Debug|Any CPU
		{7E361542-CAE1-D54E-6AC3-4ED17FC2B182}.Release|Any CPU.ActiveCfg = Release|Any CPU
		{7E361542-CAE1-D54E-6AC3-4ED17FC2B182}.Release|Any CPU.Build.0 = Release|Any CPU
		{AFC1DAAA-9586-4B62-B220-E535AF1A6924}.Debug|Any CPU.ActiveCfg = Debug|Any CPU
		{AFC1DAAA-9586-4B62-B220-E535AF1A6924}.Debug|Any CPU.Build.0 = Debug|Any CPU
		{AFC1DAAA-9586-4B62-B220-E535AF1A6924}.Release|Any CPU.ActiveCfg = Release|Any CPU
		{AFC1DAAA-9586-4B62-B220-E535AF1A6924}.Release|Any CPU.Build.0 = Release|Any CPU
		{7FE5914C-D812-478E-BE5D-A9E2AC553FE9}.Debug|Any CPU.ActiveCfg = Debug|Any CPU
		{7FE5914C-D812-478E-BE5D-A9E2AC553FE9}.Debug|Any CPU.Build.0 = Debug|Any CPU
		{7FE5914C-D812-478E-BE5D-A9E2AC553FE9}.Release|Any CPU.ActiveCfg = Release|Any CPU
		{7FE5914C-D812-478E-BE5D-A9E2AC553FE9}.Release|Any CPU.Build.0 = Release|Any CPU
		{C173E44D-4DBF-4EF5-9028-D6C06E83D654}.Debug|Any CPU.ActiveCfg = Debug|Any CPU
		{C173E44D-4DBF-4EF5-9028-D6C06E83D654}.Debug|Any CPU.Build.0 = Debug|Any CPU
		{C173E44D-4DBF-4EF5-9028-D6C06E83D654}.Release|Any CPU.ActiveCfg = Release|Any CPU
		{C173E44D-4DBF-4EF5-9028-D6C06E83D654}.Release|Any CPU.Build.0 = Release|Any CPU
		{2EB9110B-3585-4B97-8A8D-2867BD74C514}.Debug|Any CPU.ActiveCfg = Debug|Any CPU
		{2EB9110B-3585-4B97-8A8D-2867BD74C514}.Debug|Any CPU.Build.0 = Debug|Any CPU
		{2EB9110B-3585-4B97-8A8D-2867BD74C514}.Release|Any CPU.ActiveCfg = Release|Any CPU
		{2EB9110B-3585-4B97-8A8D-2867BD74C514}.Release|Any CPU.Build.0 = Release|Any CPU
	EndGlobalSection
	GlobalSection(SolutionProperties) = preSolution
		HideSolutionNode = FALSE
	EndGlobalSection
	GlobalSection(NestedProjects) = preSolution
		{2CD0234D-ECE6-44CC-B22C-55358E72BA60} = {F4DFBE87-72EB-4515-99A4-67D767D05F44}
		{7E361542-CAE1-D54E-6AC3-4ED17FC2B182} = {2CD0234D-ECE6-44CC-B22C-55358E72BA60}
		{50834ACD-2C91-45A8-8F5E-3A62B3A966D7} = {F4DFBE87-72EB-4515-99A4-67D767D05F44}
		{F758DCA3-2B18-42E7-AE11-19E6519DB62A} = {F4DFBE87-72EB-4515-99A4-67D767D05F44}
		{AFC1DAAA-9586-4B62-B220-E535AF1A6924} = {F758DCA3-2B18-42E7-AE11-19E6519DB62A}
		{7FE5914C-D812-478E-BE5D-A9E2AC553FE9} = {2CD0234D-ECE6-44CC-B22C-55358E72BA60}
		{C173E44D-4DBF-4EF5-9028-D6C06E83D654} = {50834ACD-2C91-45A8-8F5E-3A62B3A966D7}
		{2EB9110B-3585-4B97-8A8D-2867BD74C514} = {50834ACD-2C91-45A8-8F5E-3A62B3A966D7}
	EndGlobalSection
	GlobalSection(ExtensibilityGlobals) = postSolution
		SolutionGuid = {C31F1C3E-9D93-4ECC-978D-8A250AEB7880}
	EndGlobalSection
EndGlobal
